Microsoft Visual Studio Solution File, Format Version 12.00
# Visual Studio Version 17
VisualStudioVersion = 17.5.2.0
MinimumVisualStudioVersion = 10.0.40219.1
Project("{FAE04EC0-301F-11D3-BF4B-00C04F79EFBC}") = "DoctorScheduler", "DoctorScheduler.csproj", "{AC204253-225A-CB38-2400-7556A5BFD7A5}"
EndProject
Global
	GlobalSection(SolutionConfigurationPlatforms) = preSolution
		Debug|Any CPU = Debug|Any CPU
		Release|Any CPU = Release|Any CPU
	EndGlobalSection
	GlobalSection(ProjectConfigurationPlatforms) = postSolution
		{AC204253-225A-CB38-2400-7556A5BFD7A5}.Debug|Any CPU.ActiveCfg = Debug|Any CPU
		{AC204253-225A-CB38-2400-7556A5BFD7A5}.Debug|Any CPU.Build.0 = Debug|Any CPU
		{AC204253-225A-CB38-2400-7556A5BFD7A5}.Release|Any CPU.ActiveCfg = Release|Any CPU
		{AC204253-225A-CB38-2400-7556A5BFD7A5}.Release|Any CPU.Build.0 = Release|Any CPU
	EndGlobalSection
	GlobalSection(SolutionProperties) = preSolution
		HideSolutionNode = FALSE
	EndGlobalSection
	GlobalSection(ExtensibilityGlobals) = postSolution
		SolutionGuid = {58A6E002-4D99-4FB1-8756-3244533DBAA8}
	EndGlobalSection
EndGlobal
